// !$*UTF8*$!
{
	archiveVersion = 1;
	classes = {
	};
	objectVersion = 56;
	objects = {

/* Begin PBXBuildFile section */
		048D50B22C43BE9A00A60AC0 /* MC3_FitRepApp.swift in Sources */ = {isa = PBXBuildFile; fileRef = 048D50B12C43BE9A00A60AC0 /* MC3_FitRepApp.swift */; };
		048D50B62C43BE9C00A60AC0 /* Assets.xcassets in Resources */ = {isa = PBXBuildFile; fileRef = 048D50B52C43BE9C00A60AC0 /* Assets.xcassets */; };
		048D50B92C43BE9C00A60AC0 /* Preview Assets.xcassets in Resources */ = {isa = PBXBuildFile; fileRef = 048D50B82C43BE9C00A60AC0 /* Preview Assets.xcassets */; };
		04A226EA2C4903CD007CB9E8 /* DonePage.swift in Sources */ = {isa = PBXBuildFile; fileRef = 04A226E92C4903CD007CB9E8 /* DonePage.swift */; };
		04A226EC2C4903EA007CB9E8 /* PulseIndicator.swift in Sources */ = {isa = PBXBuildFile; fileRef = 04A226EB2C4903EA007CB9E8 /* PulseIndicator.swift */; };
		04A226EE2C49040E007CB9E8 /* SetRepCounterOvl.swift in Sources */ = {isa = PBXBuildFile; fileRef = 04A226ED2C49040E007CB9E8 /* SetRepCounterOvl.swift */; };
		04A226F02C490421007CB9E8 /* PopUp.swift in Sources */ = {isa = PBXBuildFile; fileRef = 04A226EF2C490421007CB9E8 /* PopUp.swift */; };
		04A226F22C4E5F44007CB9E8 /* Guidance.swift in Sources */ = {isa = PBXBuildFile; fileRef = 04A226F12C4E5F44007CB9E8 /* Guidance.swift */; };
		04B80D242C4FB4F5006FC5F7 /* bodyTutorial.gif in Resources */ = {isa = PBXBuildFile; fileRef = 04B80D232C4FB4F5006FC5F7 /* bodyTutorial.gif */; };
		2893384F2C509D6D0036B14B /* BicepCurlView.swift in Sources */ = {isa = PBXBuildFile; fileRef = 2893384E2C509D6D0036B14B /* BicepCurlView.swift */; };
		289338512C509DB30036B14B /* PredictionModelView.swift in Sources */ = {isa = PBXBuildFile; fileRef = 289338502C509DB30036B14B /* PredictionModelView.swift */; };
		9035808E2C47AD8F00F0D2CD /* TimerView.swift in Sources */ = {isa = PBXBuildFile; fileRef = 9035808D2C47AD8F00F0D2CD /* TimerView.swift */; };
		9049D9B22C4F960800ABFCB4 /* AudioManager.swift in Sources */ = {isa = PBXBuildFile; fileRef = 9049D9B12C4F960800ABFCB4 /* AudioManager.swift */; };
		9049D9B42C4F9ECF00ABFCB4 /* ExerciseView.swift in Sources */ = {isa = PBXBuildFile; fileRef = 9049D9B32C4F9ECF00ABFCB4 /* ExerciseView.swift */; };
		9049D9B62C4F9F2E00ABFCB4 /* CameraPositionView.swift in Sources */ = {isa = PBXBuildFile; fileRef = 9049D9B52C4F9F2E00ABFCB4 /* CameraPositionView.swift */; };
		9049D9BA2C4FA18900ABFCB4 /* ArahanKameraAudio.mp3 in Resources */ = {isa = PBXBuildFile; fileRef = 9049D9B82C4FA18900ABFCB4 /* ArahanKameraAudio.mp3 */; };
		9049D9BF2C4FA3A700ABFCB4 /* CountDown1Sec.mp3 in Resources */ = {isa = PBXBuildFile; fileRef = 9049D9BE2C4FA3A700ABFCB4 /* CountDown1Sec.mp3 */; };
		AA1CEF592C4E5A2B006E6DE4 /* WorkoutListView.swift in Sources */ = {isa = PBXBuildFile; fileRef = AA1CEF582C4E5A2B006E6DE4 /* WorkoutListView.swift */; };
		AA1CEF5B2C4E5B18006E6DE4 /* WorkoutList.swift in Sources */ = {isa = PBXBuildFile; fileRef = AA1CEF5A2C4E5B18006E6DE4 /* WorkoutList.swift */; };
		AA1CEF602C4E6068006E6DE4 /* NavigationBar.swift in Sources */ = {isa = PBXBuildFile; fileRef = AA1CEF5F2C4E6068006E6DE4 /* NavigationBar.swift */; };
		AA1CEF622C4E6776006E6DE4 /* WorkoutListLocked.swift in Sources */ = {isa = PBXBuildFile; fileRef = AA1CEF612C4E6776006E6DE4 /* WorkoutListLocked.swift */; };
		AA1CEF642C4E6C1C006E6DE4 /* PreWorkoutView.swift in Sources */ = {isa = PBXBuildFile; fileRef = AA1CEF632C4E6C1C006E6DE4 /* PreWorkoutView.swift */; };
		AA6D59C32C50DFE1008795C5 /* AVCaptureDevice+FrameRate.swift in Sources */ = {isa = PBXBuildFile; fileRef = AA6D59B02C50DFE1008795C5 /* AVCaptureDevice+FrameRate.swift */; };
		AA6D59C42C50DFE1008795C5 /* AVCaptureDeviceInput+Camera.swift in Sources */ = {isa = PBXBuildFile; fileRef = AA6D59B12C50DFE1008795C5 /* AVCaptureDeviceInput+Camera.swift */; };
		AA6D59C52C50DFE1008795C5 /* AVCaptureVideoDataOutput+PixelFormat.swift in Sources */ = {isa = PBXBuildFile; fileRef = AA6D59B22C50DFE1008795C5 /* AVCaptureVideoDataOutput+PixelFormat.swift */; };
		AA6D59C62C50DFE1008795C5 /* Video Capture.swift in Sources */ = {isa = PBXBuildFile; fileRef = AA6D59B32C50DFE1008795C5 /* Video Capture.swift */; };
		AA6D59C72C50DFE1008795C5 /* ActionPrediction.swift in Sources */ = {isa = PBXBuildFile; fileRef = AA6D59B52C50DFE1008795C5 /* ActionPrediction.swift */; };
		AA6D59C82C50DFE1008795C5 /* ExerciseClassifier+FrameRate.swift in Sources */ = {isa = PBXBuildFile; fileRef = AA6D59B62C50DFE1008795C5 /* ExerciseClassifier+FrameRate.swift */; };
		AA6D59C92C50DFE1008795C5 /* ExerciseClassifier+Label.swift in Sources */ = {isa = PBXBuildFile; fileRef = AA6D59B72C50DFE1008795C5 /* ExerciseClassifier+Label.swift */; };
		AA6D59CA2C50DFE1008795C5 /* ExerciseClassifier+LabelCheck.swift in Sources */ = {isa = PBXBuildFile; fileRef = AA6D59B82C50DFE1008795C5 /* ExerciseClassifier+LabelCheck.swift */; };
		AA6D59CB2C50DFE1008795C5 /* ExerciseClassifier+PredictAction.swift in Sources */ = {isa = PBXBuildFile; fileRef = AA6D59B92C50DFE1008795C5 /* ExerciseClassifier+PredictAction.swift */; };
		AA6D59CC2C50DFE1008795C5 /* ExerciseClassifier+Singleton.swift in Sources */ = {isa = PBXBuildFile; fileRef = AA6D59BA2C50DFE1008795C5 /* ExerciseClassifier+Singleton.swift */; };
		AA6D59CD2C50DFE1008795C5 /* Pose.swift in Sources */ = {isa = PBXBuildFile; fileRef = AA6D59BC2C50DFE1008795C5 /* Pose.swift */; };
		AA6D59CE2C50DFE1008795C5 /* Pose+Connection.swift in Sources */ = {isa = PBXBuildFile; fileRef = AA6D59BD2C50DFE1008795C5 /* Pose+Connection.swift */; };
		AA6D59CF2C50DFE1008795C5 /* Pose+Empty.swift in Sources */ = {isa = PBXBuildFile; fileRef = AA6D59BE2C50DFE1008795C5 /* Pose+Empty.swift */; };
		AA6D59D02C50DFE1008795C5 /* Pose+Landmark.swift in Sources */ = {isa = PBXBuildFile; fileRef = AA6D59BF2C50DFE1008795C5 /* Pose+Landmark.swift */; };
		AA6D59D12C50DFE1008795C5 /* VideoPrecessingChain.swift in Sources */ = {isa = PBXBuildFile; fileRef = AA6D59C12C50DFE1008795C5 /* VideoPrecessingChain.swift */; };
		AA6D59D32C50E0AF008795C5 /* BicepCurl.mlmodel in Sources */ = {isa = PBXBuildFile; fileRef = AA6D59D22C50E0AF008795C5 /* BicepCurl.mlmodel */; };
		AAFD67E72C47DFB5003FB64E /* CameraView.swift in Sources */ = {isa = PBXBuildFile; fileRef = AAFD67E42C47DFB5003FB64E /* CameraView.swift */; };
		AAFD67E82C47DFB5003FB64E /* CameraViewModel.swift in Sources */ = {isa = PBXBuildFile; fileRef = AAFD67E52C47DFB5003FB64E /* CameraViewModel.swift */; };
		AAFD67E92C47DFB5003FB64E /* CameraViewController.swift in Sources */ = {isa = PBXBuildFile; fileRef = AAFD67E62C47DFB5003FB64E /* CameraViewController.swift */; };
		AAFD67EF2C47E002003FB64E /* ContentView.swift in Sources */ = {isa = PBXBuildFile; fileRef = AAFD67EE2C47E002003FB64E /* ContentView.swift */; };
		AAFD67F72C48EFC3003FB64E /* Predictor.swift in Sources */ = {isa = PBXBuildFile; fileRef = AAFD67F62C48EFC3003FB64E /* Predictor.swift */; };
/* End PBXBuildFile section */

/* Begin PBXFileReference section */
		048D50AE2C43BE9A00A60AC0 /* MC3-FitRep.app */ = {isa = PBXFileReference; explicitFileType = wrapper.application; includeInIndex = 0; path = "MC3-FitRep.app"; sourceTree = BUILT_PRODUCTS_DIR; };
		048D50B12C43BE9A00A60AC0 /* MC3_FitRepApp.swift */ = {isa = PBXFileReference; lastKnownFileType = sourcecode.swift; path = MC3_FitRepApp.swift; sourceTree = "<group>"; };
		048D50B52C43BE9C00A60AC0 /* Assets.xcassets */ = {isa = PBXFileReference; lastKnownFileType = folder.assetcatalog; path = Assets.xcassets; sourceTree = "<group>"; };
		048D50B82C43BE9C00A60AC0 /* Preview Assets.xcassets */ = {isa = PBXFileReference; lastKnownFileType = folder.assetcatalog; path = "Preview Assets.xcassets"; sourceTree = "<group>"; };
		04A226E92C4903CD007CB9E8 /* DonePage.swift */ = {isa = PBXFileReference; lastKnownFileType = sourcecode.swift; path = DonePage.swift; sourceTree = "<group>"; };
		04A226EB2C4903EA007CB9E8 /* PulseIndicator.swift */ = {isa = PBXFileReference; lastKnownFileType = sourcecode.swift; path = PulseIndicator.swift; sourceTree = "<group>"; };
		04A226ED2C49040E007CB9E8 /* SetRepCounterOvl.swift */ = {isa = PBXFileReference; lastKnownFileType = sourcecode.swift; path = SetRepCounterOvl.swift; sourceTree = "<group>"; };
		04A226EF2C490421007CB9E8 /* PopUp.swift */ = {isa = PBXFileReference; lastKnownFileType = sourcecode.swift; path = PopUp.swift; sourceTree = "<group>"; };
		04A226F12C4E5F44007CB9E8 /* Guidance.swift */ = {isa = PBXFileReference; lastKnownFileType = sourcecode.swift; path = Guidance.swift; sourceTree = "<group>"; };
		04B80D232C4FB4F5006FC5F7 /* bodyTutorial.gif */ = {isa = PBXFileReference; lastKnownFileType = image.gif; path = bodyTutorial.gif; sourceTree = "<group>"; };
		2893384E2C509D6D0036B14B /* BicepCurlView.swift */ = {isa = PBXFileReference; lastKnownFileType = sourcecode.swift; path = BicepCurlView.swift; sourceTree = "<group>"; };
		289338502C509DB30036B14B /* PredictionModelView.swift */ = {isa = PBXFileReference; lastKnownFileType = sourcecode.swift; path = PredictionModelView.swift; sourceTree = "<group>"; };
		9035808D2C47AD8F00F0D2CD /* TimerView.swift */ = {isa = PBXFileReference; lastKnownFileType = sourcecode.swift; path = TimerView.swift; sourceTree = "<group>"; };
		9049D9B12C4F960800ABFCB4 /* AudioManager.swift */ = {isa = PBXFileReference; lastKnownFileType = sourcecode.swift; path = AudioManager.swift; sourceTree = "<group>"; };
		9049D9B32C4F9ECF00ABFCB4 /* ExerciseView.swift */ = {isa = PBXFileReference; lastKnownFileType = sourcecode.swift; name = ExerciseView.swift; path = ../../ExerciseView.swift; sourceTree = "<group>"; };
		9049D9B52C4F9F2E00ABFCB4 /* CameraPositionView.swift */ = {isa = PBXFileReference; lastKnownFileType = sourcecode.swift; name = CameraPositionView.swift; path = ../../CameraPositionView.swift; sourceTree = "<group>"; };
		9049D9B82C4FA18900ABFCB4 /* ArahanKameraAudio.mp3 */ = {isa = PBXFileReference; lastKnownFileType = audio.mp3; path = ArahanKameraAudio.mp3; sourceTree = "<group>"; };
		9049D9BE2C4FA3A700ABFCB4 /* CountDown1Sec.mp3 */ = {isa = PBXFileReference; lastKnownFileType = audio.mp3; path = CountDown1Sec.mp3; sourceTree = "<group>"; };
		AA1CEF582C4E5A2B006E6DE4 /* WorkoutListView.swift */ = {isa = PBXFileReference; lastKnownFileType = sourcecode.swift; path = WorkoutListView.swift; sourceTree = "<group>"; };
		AA1CEF5A2C4E5B18006E6DE4 /* WorkoutList.swift */ = {isa = PBXFileReference; lastKnownFileType = sourcecode.swift; path = WorkoutList.swift; sourceTree = "<group>"; };
		AA1CEF5F2C4E6068006E6DE4 /* NavigationBar.swift */ = {isa = PBXFileReference; lastKnownFileType = sourcecode.swift; path = NavigationBar.swift; sourceTree = "<group>"; };
		AA1CEF612C4E6776006E6DE4 /* WorkoutListLocked.swift */ = {isa = PBXFileReference; lastKnownFileType = sourcecode.swift; path = WorkoutListLocked.swift; sourceTree = "<group>"; };
		AA1CEF632C4E6C1C006E6DE4 /* PreWorkoutView.swift */ = {isa = PBXFileReference; lastKnownFileType = sourcecode.swift; path = PreWorkoutView.swift; sourceTree = "<group>"; };
		AA6D59B02C50DFE1008795C5 /* AVCaptureDevice+FrameRate.swift */ = {isa = PBXFileReference; fileEncoding = 4; lastKnownFileType = sourcecode.swift; path = "AVCaptureDevice+FrameRate.swift"; sourceTree = "<group>"; };
		AA6D59B12C50DFE1008795C5 /* AVCaptureDeviceInput+Camera.swift */ = {isa = PBXFileReference; fileEncoding = 4; lastKnownFileType = sourcecode.swift; path = "AVCaptureDeviceInput+Camera.swift"; sourceTree = "<group>"; };
		AA6D59B22C50DFE1008795C5 /* AVCaptureVideoDataOutput+PixelFormat.swift */ = {isa = PBXFileReference; fileEncoding = 4; lastKnownFileType = sourcecode.swift; path = "AVCaptureVideoDataOutput+PixelFormat.swift"; sourceTree = "<group>"; };
		AA6D59B32C50DFE1008795C5 /* Video Capture.swift */ = {isa = PBXFileReference; fileEncoding = 4; lastKnownFileType = sourcecode.swift; path = "Video Capture.swift"; sourceTree = "<group>"; };
		AA6D59B52C50DFE1008795C5 /* ActionPrediction.swift */ = {isa = PBXFileReference; fileEncoding = 4; lastKnownFileType = sourcecode.swift; path = ActionPrediction.swift; sourceTree = "<group>"; };
		AA6D59B62C50DFE1008795C5 /* ExerciseClassifier+FrameRate.swift */ = {isa = PBXFileReference; fileEncoding = 4; lastKnownFileType = sourcecode.swift; path = "ExerciseClassifier+FrameRate.swift"; sourceTree = "<group>"; };
		AA6D59B72C50DFE1008795C5 /* ExerciseClassifier+Label.swift */ = {isa = PBXFileReference; fileEncoding = 4; lastKnownFileType = sourcecode.swift; path = "ExerciseClassifier+Label.swift"; sourceTree = "<group>"; };
		AA6D59B82C50DFE1008795C5 /* ExerciseClassifier+LabelCheck.swift */ = {isa = PBXFileReference; fileEncoding = 4; lastKnownFileType = sourcecode.swift; path = "ExerciseClassifier+LabelCheck.swift"; sourceTree = "<group>"; };
		AA6D59B92C50DFE1008795C5 /* ExerciseClassifier+PredictAction.swift */ = {isa = PBXFileReference; fileEncoding = 4; lastKnownFileType = sourcecode.swift; path = "ExerciseClassifier+PredictAction.swift"; sourceTree = "<group>"; };
		AA6D59BA2C50DFE1008795C5 /* ExerciseClassifier+Singleton.swift */ = {isa = PBXFileReference; fileEncoding = 4; lastKnownFileType = sourcecode.swift; path = "ExerciseClassifier+Singleton.swift"; sourceTree = "<group>"; };
		AA6D59BC2C50DFE1008795C5 /* Pose.swift */ = {isa = PBXFileReference; fileEncoding = 4; lastKnownFileType = sourcecode.swift; path = Pose.swift; sourceTree = "<group>"; };
		AA6D59BD2C50DFE1008795C5 /* Pose+Connection.swift */ = {isa = PBXFileReference; fileEncoding = 4; lastKnownFileType = sourcecode.swift; path = "Pose+Connection.swift"; sourceTree = "<group>"; };
		AA6D59BE2C50DFE1008795C5 /* Pose+Empty.swift */ = {isa = PBXFileReference; fileEncoding = 4; lastKnownFileType = sourcecode.swift; path = "Pose+Empty.swift"; sourceTree = "<group>"; };
		AA6D59BF2C50DFE1008795C5 /* Pose+Landmark.swift */ = {isa = PBXFileReference; fileEncoding = 4; lastKnownFileType = sourcecode.swift; path = "Pose+Landmark.swift"; sourceTree = "<group>"; };
		AA6D59C12C50DFE1008795C5 /* VideoPrecessingChain.swift */ = {isa = PBXFileReference; fileEncoding = 4; lastKnownFileType = sourcecode.swift; path = VideoPrecessingChain.swift; sourceTree = "<group>"; };
		AA6D59D22C50E0AF008795C5 /* BicepCurl.mlmodel */ = {isa = PBXFileReference; lastKnownFileType = file.mlmodel; path = BicepCurl.mlmodel; sourceTree = "<group>"; };
		AAFD67E42C47DFB5003FB64E /* CameraView.swift */ = {isa = PBXFileReference; fileEncoding = 4; lastKnownFileType = sourcecode.swift; path = CameraView.swift; sourceTree = "<group>"; };
		AAFD67E52C47DFB5003FB64E /* CameraViewModel.swift */ = {isa = PBXFileReference; fileEncoding = 4; lastKnownFileType = sourcecode.swift; path = CameraViewModel.swift; sourceTree = "<group>"; };
		AAFD67E62C47DFB5003FB64E /* CameraViewController.swift */ = {isa = PBXFileReference; fileEncoding = 4; lastKnownFileType = sourcecode.swift; path = CameraViewController.swift; sourceTree = "<group>"; };
		AAFD67EE2C47E002003FB64E /* ContentView.swift */ = {isa = PBXFileReference; fileEncoding = 4; lastKnownFileType = sourcecode.swift; path = ContentView.swift; sourceTree = "<group>"; };
		AAFD67F62C48EFC3003FB64E /* Predictor.swift */ = {isa = PBXFileReference; lastKnownFileType = sourcecode.swift; path = Predictor.swift; sourceTree = "<group>"; };
/* End PBXFileReference section */

/* Begin PBXFrameworksBuildPhase section */
		048D50AB2C43BE9A00A60AC0 /* Frameworks */ = {
			isa = PBXFrameworksBuildPhase;
			buildActionMask = 2147483647;
			files = (
			);
			runOnlyForDeploymentPostprocessing = 0;
		};
/* End PBXFrameworksBuildPhase section */

/* Begin PBXGroup section */
		048D50A52C43BE9A00A60AC0 = {
			isa = PBXGroup;
			children = (
				048D50B02C43BE9A00A60AC0 /* MC3-FitRep */,
				048D50AF2C43BE9A00A60AC0 /* Products */,
			);
			sourceTree = "<group>";
		};
		048D50AF2C43BE9A00A60AC0 /* Products */ = {
			isa = PBXGroup;
			children = (
				048D50AE2C43BE9A00A60AC0 /* MC3-FitRep.app */,
			);
			name = Products;
			sourceTree = "<group>";
		};
		048D50B02C43BE9A00A60AC0 /* MC3-FitRep */ = {
			isa = PBXGroup;
			children = (
				048D50B12C43BE9A00A60AC0 /* MC3_FitRepApp.swift */,
				048D50B52C43BE9C00A60AC0 /* Assets.xcassets */,
				AA6D59BB2C50DFE1008795C5 /* Action Classifier */,
				AA6D59C02C50DFE1008795C5 /* Pose */,
				AA6D59B42C50DFE1008795C5 /* Video Capture */,
				AA6D59C22C50DFE1008795C5 /* Video Processing Chain */,
				AAFD67EB2C47DFC6003FB64E /* View */,
				AAFD67EC2C47DFCE003FB64E /* View Model */,
				AAFD67EA2C47DFB9003FB64E /* Model */,
				9049D9BB2C4FA19100ABFCB4 /* Sound */,
				048D50B72C43BE9C00A60AC0 /* Preview Content */,
			);
			path = "MC3-FitRep";
			sourceTree = "<group>";
		};
		048D50B72C43BE9C00A60AC0 /* Preview Content */ = {
			isa = PBXGroup;
			children = (
				04B80D232C4FB4F5006FC5F7 /* bodyTutorial.gif */,
				048D50B82C43BE9C00A60AC0 /* Preview Assets.xcassets */,
			);
			path = "Preview Content";
			sourceTree = "<group>";
		};
		9049D9BB2C4FA19100ABFCB4 /* Sound */ = {
			isa = PBXGroup;
			children = (
				9049D9B82C4FA18900ABFCB4 /* ArahanKameraAudio.mp3 */,
				9049D9BE2C4FA3A700ABFCB4 /* CountDown1Sec.mp3 */,
			);
			path = Sound;
			sourceTree = "<group>";
		};
		AA1CEF5C2C4E5B1E006E6DE4 /* Component */ = {
			isa = PBXGroup;
			children = (
				AA1CEF5F2C4E6068006E6DE4 /* NavigationBar.swift */,
				AA1CEF5A2C4E5B18006E6DE4 /* WorkoutList.swift */,
				AA1CEF612C4E6776006E6DE4 /* WorkoutListLocked.swift */,
			);
			path = Component;
			sourceTree = "<group>";
		};
		AA6D59B42C50DFE1008795C5 /* Video Capture */ = {
			isa = PBXGroup;
			children = (
				AA6D59B02C50DFE1008795C5 /* AVCaptureDevice+FrameRate.swift */,
				AA6D59B12C50DFE1008795C5 /* AVCaptureDeviceInput+Camera.swift */,
				AA6D59B22C50DFE1008795C5 /* AVCaptureVideoDataOutput+PixelFormat.swift */,
				AA6D59B32C50DFE1008795C5 /* Video Capture.swift */,
			);
			path = "Video Capture";
			sourceTree = "<group>";
		};
		AA6D59BB2C50DFE1008795C5 /* Action Classifier */ = {
			isa = PBXGroup;
			children = (
				AA6D59B52C50DFE1008795C5 /* ActionPrediction.swift */,
				AA6D59B62C50DFE1008795C5 /* ExerciseClassifier+FrameRate.swift */,
				AA6D59B72C50DFE1008795C5 /* ExerciseClassifier+Label.swift */,
				AA6D59B82C50DFE1008795C5 /* ExerciseClassifier+LabelCheck.swift */,
				AA6D59B92C50DFE1008795C5 /* ExerciseClassifier+PredictAction.swift */,
				AA6D59BA2C50DFE1008795C5 /* ExerciseClassifier+Singleton.swift */,
			);
			path = "Action Classifier";
			sourceTree = "<group>";
		};
		AA6D59C02C50DFE1008795C5 /* Pose */ = {
			isa = PBXGroup;
			children = (
				AA6D59BC2C50DFE1008795C5 /* Pose.swift */,
				AA6D59BD2C50DFE1008795C5 /* Pose+Connection.swift */,
				AA6D59BE2C50DFE1008795C5 /* Pose+Empty.swift */,
				AA6D59BF2C50DFE1008795C5 /* Pose+Landmark.swift */,
			);
			path = Pose;
			sourceTree = "<group>";
		};
		AA6D59C22C50DFE1008795C5 /* Video Processing Chain */ = {
			isa = PBXGroup;
			children = (
				AA6D59C12C50DFE1008795C5 /* VideoPrecessingChain.swift */,
			);
			name = "Video Processing Chain";
			path = "../../../Downloads/MC3-FitRep-main/MC3-FitMotion/Video Processing Chain";
			sourceTree = "<group>";
		};
		AAFD67EA2C47DFB9003FB64E /* Model */ = {
			isa = PBXGroup;
			children = (
				AA6D59D22C50E0AF008795C5 /* BicepCurl.mlmodel */,
				AAFD67F62C48EFC3003FB64E /* Predictor.swift */,
				9049D9B12C4F960800ABFCB4 /* AudioManager.swift */,
			);
			path = Model;
			sourceTree = "<group>";
		};
		AAFD67EB2C47DFC6003FB64E /* View */ = {
			isa = PBXGroup;
			children = (
				AA1CEF5C2C4E5B1E006E6DE4 /* Component */,
				AAFD67EE2C47E002003FB64E /* ContentView.swift */,
				AA1CEF582C4E5A2B006E6DE4 /* WorkoutListView.swift */,
				04A226F12C4E5F44007CB9E8 /* Guidance.swift */,
				9049D9B52C4F9F2E00ABFCB4 /* CameraPositionView.swift */,
				9049D9B32C4F9ECF00ABFCB4 /* ExerciseView.swift */,
				AA1CEF632C4E6C1C006E6DE4 /* PreWorkoutView.swift */,
				AAFD67E42C47DFB5003FB64E /* CameraView.swift */,
				9035808D2C47AD8F00F0D2CD /* TimerView.swift */,
				04A226E92C4903CD007CB9E8 /* DonePage.swift */,
				04A226EB2C4903EA007CB9E8 /* PulseIndicator.swift */,
				04A226ED2C49040E007CB9E8 /* SetRepCounterOvl.swift */,
				04A226EF2C490421007CB9E8 /* PopUp.swift */,
				2893384E2C509D6D0036B14B /* BicepCurlView.swift */,
			);
			name = View;
			path = Model;
			sourceTree = "<group>";
		};
		AAFD67EC2C47DFCE003FB64E /* View Model */ = {
			isa = PBXGroup;
			children = (
				AAFD67E62C47DFB5003FB64E /* CameraViewController.swift */,
				AAFD67E52C47DFB5003FB64E /* CameraViewModel.swift */,
				289338502C509DB30036B14B /* PredictionModelView.swift */,
			);
			name = "View Model";
			path = Model;
			sourceTree = "<group>";
		};
/* End PBXGroup section */

/* Begin PBXNativeTarget section */
		048D50AD2C43BE9A00A60AC0 /* MC3-FitRep */ = {
			isa = PBXNativeTarget;
			buildConfigurationList = 048D50BC2C43BE9C00A60AC0 /* Build configuration list for PBXNativeTarget "MC3-FitRep" */;
			buildPhases = (
				048D50AA2C43BE9A00A60AC0 /* Sources */,
				048D50AB2C43BE9A00A60AC0 /* Frameworks */,
				048D50AC2C43BE9A00A60AC0 /* Resources */,
			);
			buildRules = (
			);
			dependencies = (
			);
			name = "MC3-FitRep";
			productName = "MC3-FitMotion";
			productReference = 048D50AE2C43BE9A00A60AC0 /* MC3-FitRep.app */;
			productType = "com.apple.product-type.application";
		};
/* End PBXNativeTarget section */

/* Begin PBXProject section */
		048D50A62C43BE9A00A60AC0 /* Project object */ = {
			isa = PBXProject;
			attributes = {
				BuildIndependentTargetsInParallel = 1;
				LastSwiftUpdateCheck = 1520;
				LastUpgradeCheck = 1520;
				TargetAttributes = {
					048D50AD2C43BE9A00A60AC0 = {
						CreatedOnToolsVersion = 15.2;
					};
				};
			};
			buildConfigurationList = 048D50A92C43BE9A00A60AC0 /* Build configuration list for PBXProject "MC3-FitRep" */;
			compatibilityVersion = "Xcode 14.0";
			developmentRegion = en;
			hasScannedForEncodings = 0;
			knownRegions = (
				en,
				Base,
			);
			mainGroup = 048D50A52C43BE9A00A60AC0;
			productRefGroup = 048D50AF2C43BE9A00A60AC0 /* Products */;
			projectDirPath = "";
			projectRoot = "";
			targets = (
				048D50AD2C43BE9A00A60AC0 /* MC3-FitRep */,
			);
		};
/* End PBXProject section */

/* Begin PBXResourcesBuildPhase section */
		048D50AC2C43BE9A00A60AC0 /* Resources */ = {
			isa = PBXResourcesBuildPhase;
			buildActionMask = 2147483647;
			files = (
				04B80D242C4FB4F5006FC5F7 /* bodyTutorial.gif in Resources */,
				9049D9BF2C4FA3A700ABFCB4 /* CountDown1Sec.mp3 in Resources */,
				048D50B92C43BE9C00A60AC0 /* Preview Assets.xcassets in Resources */,
				9049D9BA2C4FA18900ABFCB4 /* ArahanKameraAudio.mp3 in Resources */,
				048D50B62C43BE9C00A60AC0 /* Assets.xcassets in Resources */,
			);
			runOnlyForDeploymentPostprocessing = 0;
		};
/* End PBXResourcesBuildPhase section */

/* Begin PBXSourcesBuildPhase section */
		048D50AA2C43BE9A00A60AC0 /* Sources */ = {
			isa = PBXSourcesBuildPhase;
			buildActionMask = 2147483647;
			files = (
				9049D9B42C4F9ECF00ABFCB4 /* ExerciseView.swift in Sources */,
				04A226EA2C4903CD007CB9E8 /* DonePage.swift in Sources */,
				AA6D59D32C50E0AF008795C5 /* BicepCurl.mlmodel in Sources */,
				AA1CEF642C4E6C1C006E6DE4 /* PreWorkoutView.swift in Sources */,
				2893384F2C509D6D0036B14B /* BicepCurlView.swift in Sources */,
				AA6D59CA2C50DFE1008795C5 /* ExerciseClassifier+LabelCheck.swift in Sources */,
				9035808E2C47AD8F00F0D2CD /* TimerView.swift in Sources */,
				AA6D59C62C50DFE1008795C5 /* Video Capture.swift in Sources */,
				9049D9B62C4F9F2E00ABFCB4 /* CameraPositionView.swift in Sources */,
				048D50B22C43BE9A00A60AC0 /* MC3_FitRepApp.swift in Sources */,
				048D50B22C43BE9A00A60AC0 /* MC3_FitRepApp.swift in Sources */,
				AA6D59D02C50DFE1008795C5 /* Pose+Landmark.swift in Sources */,
				AAFD67EF2C47E002003FB64E /* ContentView.swift in Sources */,
				AA6D59C32C50DFE1008795C5 /* AVCaptureDevice+FrameRate.swift in Sources */,
				AA6D59C92C50DFE1008795C5 /* ExerciseClassifier+Label.swift in Sources */,
				9049D9B22C4F960800ABFCB4 /* AudioManager.swift in Sources */,
				AA6D59C72C50DFE1008795C5 /* ActionPrediction.swift in Sources */,
				AA6D59C52C50DFE1008795C5 /* AVCaptureVideoDataOutput+PixelFormat.swift in Sources */,
				AA1CEF602C4E6068006E6DE4 /* NavigationBar.swift in Sources */,
				AAFD67E72C47DFB5003FB64E /* CameraView.swift in Sources */,
				289338512C509DB30036B14B /* PredictionModelView.swift in Sources */,
				AA6D59C82C50DFE1008795C5 /* ExerciseClassifier+FrameRate.swift in Sources */,
				AAFD67E92C47DFB5003FB64E /* CameraViewController.swift in Sources */,
				AA6D59CF2C50DFE1008795C5 /* Pose+Empty.swift in Sources */,
				AA6D59CE2C50DFE1008795C5 /* Pose+Connection.swift in Sources */,
				04A226EC2C4903EA007CB9E8 /* PulseIndicator.swift in Sources */,
				04A226EE2C49040E007CB9E8 /* SetRepCounterOvl.swift in Sources */,
				AA6D59CC2C50DFE1008795C5 /* ExerciseClassifier+Singleton.swift in Sources */,
				AA6D59CB2C50DFE1008795C5 /* ExerciseClassifier+PredictAction.swift in Sources */,
				AA1CEF5B2C4E5B18006E6DE4 /* WorkoutList.swift in Sources */,
				AA6D59C42C50DFE1008795C5 /* AVCaptureDeviceInput+Camera.swift in Sources */,
				AA6D59D12C50DFE1008795C5 /* VideoPrecessingChain.swift in Sources */,
				AA1CEF622C4E6776006E6DE4 /* WorkoutListLocked.swift in Sources */,
				AA6D59CD2C50DFE1008795C5 /* Pose.swift in Sources */,
				AA1CEF592C4E5A2B006E6DE4 /* WorkoutListView.swift in Sources */,
				AAFD67F72C48EFC3003FB64E /* Predictor.swift in Sources */,
				04A226F22C4E5F44007CB9E8 /* Guidance.swift in Sources */,
				04A226F02C490421007CB9E8 /* PopUp.swift in Sources */,
				AAFD67E82C47DFB5003FB64E /* CameraViewModel.swift in Sources */,
			);
			runOnlyForDeploymentPostprocessing = 0;
		};
/* End PBXSourcesBuildPhase section */

/* Begin XCBuildConfiguration section */
		048D50BA2C43BE9C00A60AC0 /* Debug */ = {
			isa = XCBuildConfiguration;
			buildSettings = {
				ALWAYS_SEARCH_USER_PATHS = NO;
				ASSETCATALOG_COMPILER_GENERATE_SWIFT_ASSET_SYMBOL_EXTENSIONS = YES;
				CLANG_ANALYZER_NONNULL = YES;
				CLANG_ANALYZER_NUMBER_OBJECT_CONVERSION = YES_AGGRESSIVE;
				CLANG_CXX_LANGUAGE_STANDARD = "gnu++20";
				CLANG_ENABLE_MODULES = YES;
				CLANG_ENABLE_OBJC_ARC = YES;
				CLANG_ENABLE_OBJC_WEAK = YES;
				CLANG_WARN_BLOCK_CAPTURE_AUTORELEASING = YES;
				CLANG_WARN_BOOL_CONVERSION = YES;
				CLANG_WARN_COMMA = YES;
				CLANG_WARN_CONSTANT_CONVERSION = YES;
				CLANG_WARN_DEPRECATED_OBJC_IMPLEMENTATIONS = YES;
				CLANG_WARN_DIRECT_OBJC_ISA_USAGE = YES_ERROR;
				CLANG_WARN_DOCUMENTATION_COMMENTS = YES;
				CLANG_WARN_EMPTY_BODY = YES;
				CLANG_WARN_ENUM_CONVERSION = YES;
				CLANG_WARN_INFINITE_RECURSION = YES;
				CLANG_WARN_INT_CONVERSION = YES;
				CLANG_WARN_NON_LITERAL_NULL_CONVERSION = YES;
				CLANG_WARN_OBJC_IMPLICIT_RETAIN_SELF = YES;
				CLANG_WARN_OBJC_LITERAL_CONVERSION = YES;
				CLANG_WARN_OBJC_ROOT_CLASS = YES_ERROR;
				CLANG_WARN_QUOTED_INCLUDE_IN_FRAMEWORK_HEADER = YES;
				CLANG_WARN_RANGE_LOOP_ANALYSIS = YES;
				CLANG_WARN_STRICT_PROTOTYPES = YES;
				CLANG_WARN_SUSPICIOUS_MOVE = YES;
				CLANG_WARN_UNGUARDED_AVAILABILITY = YES_AGGRESSIVE;
				CLANG_WARN_UNREACHABLE_CODE = YES;
				CLANG_WARN__DUPLICATE_METHOD_MATCH = YES;
				COPY_PHASE_STRIP = NO;
				DEBUG_INFORMATION_FORMAT = dwarf;
				ENABLE_STRICT_OBJC_MSGSEND = YES;
				ENABLE_TESTABILITY = YES;
				ENABLE_USER_SCRIPT_SANDBOXING = YES;
				GCC_C_LANGUAGE_STANDARD = gnu17;
				GCC_DYNAMIC_NO_PIC = NO;
				GCC_NO_COMMON_BLOCKS = YES;
				GCC_OPTIMIZATION_LEVEL = 0;
				GCC_PREPROCESSOR_DEFINITIONS = (
					"DEBUG=1",
					"$(inherited)",
				);
				GCC_WARN_64_TO_32_BIT_CONVERSION = YES;
				GCC_WARN_ABOUT_RETURN_TYPE = YES_ERROR;
				GCC_WARN_UNDECLARED_SELECTOR = YES;
				GCC_WARN_UNINITIALIZED_AUTOS = YES_AGGRESSIVE;
				GCC_WARN_UNUSED_FUNCTION = YES;
				GCC_WARN_UNUSED_VARIABLE = YES;
				IPHONEOS_DEPLOYMENT_TARGET = 17.2;
				LOCALIZATION_PREFERS_STRING_CATALOGS = YES;
				MTL_ENABLE_DEBUG_INFO = INCLUDE_SOURCE;
				MTL_FAST_MATH = YES;
				ONLY_ACTIVE_ARCH = YES;
				SDKROOT = iphoneos;
				SWIFT_ACTIVE_COMPILATION_CONDITIONS = "DEBUG $(inherited)";
				SWIFT_OPTIMIZATION_LEVEL = "-Onone";
			};
			name = Debug;
		};
		048D50BB2C43BE9C00A60AC0 /* Release */ = {
			isa = XCBuildConfiguration;
			buildSettings = {
				ALWAYS_SEARCH_USER_PATHS = NO;
				ASSETCATALOG_COMPILER_GENERATE_SWIFT_ASSET_SYMBOL_EXTENSIONS = YES;
				CLANG_ANALYZER_NONNULL = YES;
				CLANG_ANALYZER_NUMBER_OBJECT_CONVERSION = YES_AGGRESSIVE;
				CLANG_CXX_LANGUAGE_STANDARD = "gnu++20";
				CLANG_ENABLE_MODULES = YES;
				CLANG_ENABLE_OBJC_ARC = YES;
				CLANG_ENABLE_OBJC_WEAK = YES;
				CLANG_WARN_BLOCK_CAPTURE_AUTORELEASING = YES;
				CLANG_WARN_BOOL_CONVERSION = YES;
				CLANG_WARN_COMMA = YES;
				CLANG_WARN_CONSTANT_CONVERSION = YES;
				CLANG_WARN_DEPRECATED_OBJC_IMPLEMENTATIONS = YES;
				CLANG_WARN_DIRECT_OBJC_ISA_USAGE = YES_ERROR;
				CLANG_WARN_DOCUMENTATION_COMMENTS = YES;
				CLANG_WARN_EMPTY_BODY = YES;
				CLANG_WARN_ENUM_CONVERSION = YES;
				CLANG_WARN_INFINITE_RECURSION = YES;
				CLANG_WARN_INT_CONVERSION = YES;
				CLANG_WARN_NON_LITERAL_NULL_CONVERSION = YES;
				CLANG_WARN_OBJC_IMPLICIT_RETAIN_SELF = YES;
				CLANG_WARN_OBJC_LITERAL_CONVERSION = YES;
				CLANG_WARN_OBJC_ROOT_CLASS = YES_ERROR;
				CLANG_WARN_QUOTED_INCLUDE_IN_FRAMEWORK_HEADER = YES;
				CLANG_WARN_RANGE_LOOP_ANALYSIS = YES;
				CLANG_WARN_STRICT_PROTOTYPES = YES;
				CLANG_WARN_SUSPICIOUS_MOVE = YES;
				CLANG_WARN_UNGUARDED_AVAILABILITY = YES_AGGRESSIVE;
				CLANG_WARN_UNREACHABLE_CODE = YES;
				CLANG_WARN__DUPLICATE_METHOD_MATCH = YES;
				COPY_PHASE_STRIP = NO;
				DEBUG_INFORMATION_FORMAT = "dwarf-with-dsym";
				ENABLE_NS_ASSERTIONS = NO;
				ENABLE_STRICT_OBJC_MSGSEND = YES;
				ENABLE_USER_SCRIPT_SANDBOXING = YES;
				GCC_C_LANGUAGE_STANDARD = gnu17;
				GCC_NO_COMMON_BLOCKS = YES;
				GCC_WARN_64_TO_32_BIT_CONVERSION = YES;
				GCC_WARN_ABOUT_RETURN_TYPE = YES_ERROR;
				GCC_WARN_UNDECLARED_SELECTOR = YES;
				GCC_WARN_UNINITIALIZED_AUTOS = YES_AGGRESSIVE;
				GCC_WARN_UNUSED_FUNCTION = YES;
				GCC_WARN_UNUSED_VARIABLE = YES;
				IPHONEOS_DEPLOYMENT_TARGET = 17.2;
				LOCALIZATION_PREFERS_STRING_CATALOGS = YES;
				MTL_ENABLE_DEBUG_INFO = NO;
				MTL_FAST_MATH = YES;
				SDKROOT = iphoneos;
				SWIFT_COMPILATION_MODE = wholemodule;
				VALIDATE_PRODUCT = YES;
			};
			name = Release;
		};
		048D50BD2C43BE9C00A60AC0 /* Debug */ = {
			isa = XCBuildConfiguration;
			buildSettings = {
				ASSETCATALOG_COMPILER_APPICON_NAME = AppIcon;
				ASSETCATALOG_COMPILER_GLOBAL_ACCENT_COLOR_NAME = AccentColor;
				CODE_SIGN_STYLE = Automatic;
				CURRENT_PROJECT_VERSION = 1;
				DEVELOPMENT_ASSET_PATHS = "\"MC3-FitRep/Preview Content\"";
				DEVELOPMENT_TEAM = 4C9DP8TQPJ;
				ENABLE_PREVIEWS = YES;
				GENERATE_INFOPLIST_FILE = YES;
				INFOPLIST_KEY_NSCameraUsageDescription = "This app needs access to your camera to analyse your movement.";
				INFOPLIST_KEY_NSMicrophoneUsageDescription = "We need your permission to use the microphone";
				INFOPLIST_KEY_NSSpeechRecognitionUsageDescription = "We need your permission to use speech recognition";
				INFOPLIST_KEY_UIApplicationSceneManifest_Generation = YES;
				INFOPLIST_KEY_UIApplicationSupportsIndirectInputEvents = YES;
				INFOPLIST_KEY_UILaunchScreen_Generation = YES;
				INFOPLIST_KEY_UISupportedInterfaceOrientations = "UIInterfaceOrientationLandscapeLeft UIInterfaceOrientationLandscapeRight UIInterfaceOrientationPortrait";
				LD_RUNPATH_SEARCH_PATHS = (
					"$(inherited)",
					"@executable_path/Frameworks",
				);
				MARKETING_VERSION = 1.0;
				PRODUCT_BUNDLE_IDENTIFIER = apple.dev.MC3FitMotionBaghiz;
				PRODUCT_NAME = "$(TARGET_NAME)";
				SUPPORTED_PLATFORMS = "iphoneos iphonesimulator";
				SUPPORTS_MACCATALYST = NO;
				SUPPORTS_MAC_DESIGNED_FOR_IPHONE_IPAD = NO;
				SUPPORTS_XR_DESIGNED_FOR_IPHONE_IPAD = NO;
				SWIFT_EMIT_LOC_STRINGS = YES;
				SWIFT_VERSION = 5.0;
				TARGETED_DEVICE_FAMILY = 1;
			};
			name = Debug;
		};
		048D50BE2C43BE9C00A60AC0 /* Release */ = {
			isa = XCBuildConfiguration;
			buildSettings = {
				ASSETCATALOG_COMPILER_APPICON_NAME = AppIcon;
				ASSETCATALOG_COMPILER_GLOBAL_ACCENT_COLOR_NAME = AccentColor;
				CODE_SIGN_STYLE = Automatic;
				CURRENT_PROJECT_VERSION = 1;
				DEVELOPMENT_ASSET_PATHS = "\"MC3-FitMotion/Preview Content\"";
				DEVELOPMENT_TEAM = 64N8G77AT7;
				ENABLE_PREVIEWS = YES;
				GENERATE_INFOPLIST_FILE = YES;
				INFOPLIST_KEY_NSCameraUsageDescription = "This app needs access to your camera to analyse your movement.";
				INFOPLIST_KEY_NSMicrophoneUsageDescription = "We need your permission to use the microphone";
				INFOPLIST_KEY_NSSpeechRecognitionUsageDescription = "We need your permission to use speech recognition";
				INFOPLIST_KEY_UIApplicationSceneManifest_Generation = YES;
				INFOPLIST_KEY_UIApplicationSupportsIndirectInputEvents = YES;
				INFOPLIST_KEY_UILaunchScreen_Generation = YES;
				INFOPLIST_KEY_UISupportedInterfaceOrientations = "UIInterfaceOrientationLandscapeLeft UIInterfaceOrientationLandscapeRight UIInterfaceOrientationPortrait";
				LD_RUNPATH_SEARCH_PATHS = (
					"$(inherited)",
					"@executable_path/Frameworks",
				);
				MARKETING_VERSION = 1.0;
				PRODUCT_BUNDLE_IDENTIFIER = apple.dev.MC3FitMotionBaghiz;
				PRODUCT_NAME = "$(TARGET_NAME)";
				SUPPORTED_PLATFORMS = "iphoneos iphonesimulator";
				SUPPORTS_MACCATALYST = NO;
				SUPPORTS_MAC_DESIGNED_FOR_IPHONE_IPAD = NO;
				SUPPORTS_XR_DESIGNED_FOR_IPHONE_IPAD = NO;
				SWIFT_EMIT_LOC_STRINGS = YES;
				SWIFT_VERSION = 5.0;
				TARGETED_DEVICE_FAMILY = 1;
			};
			name = Release;
		};
/* End XCBuildConfiguration section */

/* Begin XCConfigurationList section */
		048D50A92C43BE9A00A60AC0 /* Build configuration list for PBXProject "MC3-FitRep" */ = {
			isa = XCConfigurationList;
			buildConfigurations = (
				048D50BA2C43BE9C00A60AC0 /* Debug */,
				048D50BB2C43BE9C00A60AC0 /* Release */,
			);
			defaultConfigurationIsVisible = 0;
			defaultConfigurationName = Release;
		};
		048D50BC2C43BE9C00A60AC0 /* Build configuration list for PBXNativeTarget "MC3-FitRep" */ = {
			isa = XCConfigurationList;
			buildConfigurations = (
				048D50BD2C43BE9C00A60AC0 /* Debug */,
				048D50BE2C43BE9C00A60AC0 /* Release */,
			);
			defaultConfigurationIsVisible = 0;
			defaultConfigurationName = Release;
		};
/* End XCConfigurationList section */
	};
	rootObject = 048D50A62C43BE9A00A60AC0 /* Project object */;
}
