// !$*UTF8*$!
{
	archiveVersion = 1;
	classes = {
	};
	objectVersion = 56;
	objects = {

/* Begin PBXBuildFile section */
		048D50B22C43BE9A00A60AC0 /* MC3_FitMotionApp.swift in Sources */ = {isa = PBXBuildFile; fileRef = 048D50B12C43BE9A00A60AC0 /* MC3_FitMotionApp.swift */; };
		048D50B62C43BE9C00A60AC0 /* Assets.xcassets in Resources */ = {isa = PBXBuildFile; fileRef = 048D50B52C43BE9C00A60AC0 /* Assets.xcassets */; };
		048D50B92C43BE9C00A60AC0 /* Preview Assets.xcassets in Resources */ = {isa = PBXBuildFile; fileRef = 048D50B82C43BE9C00A60AC0 /* Preview Assets.xcassets */; };
		04A226EA2C4903CD007CB9E8 /* DonePage.swift in Sources */ = {isa = PBXBuildFile; fileRef = 04A226E92C4903CD007CB9E8 /* DonePage.swift */; };
		04A226EC2C4903EA007CB9E8 /* PulseIndicator.swift in Sources */ = {isa = PBXBuildFile; fileRef = 04A226EB2C4903EA007CB9E8 /* PulseIndicator.swift */; };
		04A226EE2C49040E007CB9E8 /* SetRepCounterOvl.swift in Sources */ = {isa = PBXBuildFile; fileRef = 04A226ED2C49040E007CB9E8 /* SetRepCounterOvl.swift */; };
		04A226F02C490421007CB9E8 /* PopUp.swift in Sources */ = {isa = PBXBuildFile; fileRef = 04A226EF2C490421007CB9E8 /* PopUp.swift */; };
		286C658F2C4FBA0C0018142C /* BicepCurl.mlmodel in Sources */ = {isa = PBXBuildFile; fileRef = 286C658E2C4FBA0C0018142C /* BicepCurl.mlmodel */; };
		28E3FA7D2C4FAB7500A7B471 /* BicepCurlView.swift in Sources */ = {isa = PBXBuildFile; fileRef = 28E3FA7C2C4FAB7500A7B471 /* BicepCurlView.swift */; };
		28E3FA7F2C4FACCD00A7B471 /* PredictionViewModel.swift in Sources */ = {isa = PBXBuildFile; fileRef = 28E3FA7E2C4FACCD00A7B471 /* PredictionViewModel.swift */; };
		28E3FA872C4FAD2000A7B471 /* ActionPrediction.swift in Sources */ = {isa = PBXBuildFile; fileRef = 28E3FA812C4FAD2000A7B471 /* ActionPrediction.swift */; };
		28E3FA882C4FAD2000A7B471 /* ExerciseClassifier+Label.swift in Sources */ = {isa = PBXBuildFile; fileRef = 28E3FA822C4FAD2000A7B471 /* ExerciseClassifier+Label.swift */; };
		28E3FA892C4FAD2000A7B471 /* ExerciseClassifier+LabelCheck.swift in Sources */ = {isa = PBXBuildFile; fileRef = 28E3FA832C4FAD2000A7B471 /* ExerciseClassifier+LabelCheck.swift */; };
		28E3FA8A2C4FAD2000A7B471 /* ExerciseClassifier+FrameRate.swift in Sources */ = {isa = PBXBuildFile; fileRef = 28E3FA842C4FAD2000A7B471 /* ExerciseClassifier+FrameRate.swift */; };
		28E3FA8B2C4FAD2000A7B471 /* ExerciseClassifier+PredictAction.swift in Sources */ = {isa = PBXBuildFile; fileRef = 28E3FA852C4FAD2000A7B471 /* ExerciseClassifier+PredictAction.swift */; };
		28E3FA8C2C4FAD2000A7B471 /* ExerciseClassifier+Singleton.swift in Sources */ = {isa = PBXBuildFile; fileRef = 28E3FA862C4FAD2000A7B471 /* ExerciseClassifier+Singleton.swift */; };
		28E3FA922C4FAD7C00A7B471 /* AVCaptureVideoDataOutput+PixelFormat.swift in Sources */ = {isa = PBXBuildFile; fileRef = 28E3FA8E2C4FAD7B00A7B471 /* AVCaptureVideoDataOutput+PixelFormat.swift */; };
		28E3FA932C4FAD7C00A7B471 /* AVCaptureDeviceInput+Camera.swift in Sources */ = {isa = PBXBuildFile; fileRef = 28E3FA8F2C4FAD7B00A7B471 /* AVCaptureDeviceInput+Camera.swift */; };
		28E3FA942C4FAD7C00A7B471 /* AVCaptureDevice+FrameRate.swift in Sources */ = {isa = PBXBuildFile; fileRef = 28E3FA902C4FAD7B00A7B471 /* AVCaptureDevice+FrameRate.swift */; };
		28E3FA952C4FAD7C00A7B471 /* VideoCapture.swift in Sources */ = {isa = PBXBuildFile; fileRef = 28E3FA912C4FAD7C00A7B471 /* VideoCapture.swift */; };
		28E3FA982C4FADA400A7B471 /* VideoProcessingChain.swift in Sources */ = {isa = PBXBuildFile; fileRef = 28E3FA972C4FADA400A7B471 /* VideoProcessingChain.swift */; };
		28E3FA9E2C4FB01C00A7B471 /* Pose.swift in Sources */ = {isa = PBXBuildFile; fileRef = 28E3FA9A2C4FB01C00A7B471 /* Pose.swift */; };
		28E3FA9F2C4FB01C00A7B471 /* Pose+Empty.swift in Sources */ = {isa = PBXBuildFile; fileRef = 28E3FA9B2C4FB01C00A7B471 /* Pose+Empty.swift */; };
		28E3FAA02C4FB01C00A7B471 /* Pose+Connection.swift in Sources */ = {isa = PBXBuildFile; fileRef = 28E3FA9C2C4FB01C00A7B471 /* Pose+Connection.swift */; };
		28E3FAA12C4FB01C00A7B471 /* Pose+Landmark.swift in Sources */ = {isa = PBXBuildFile; fileRef = 28E3FA9D2C4FB01C00A7B471 /* Pose+Landmark.swift */; };
		28E3FAA32C4FB50B00A7B471 /* CameraViewModel.swift in Sources */ = {isa = PBXBuildFile; fileRef = 28E3FAA22C4FB50B00A7B471 /* CameraViewModel.swift */; };
		9035808E2C47AD8F00F0D2CD /* TimerView.swift in Sources */ = {isa = PBXBuildFile; fileRef = 9035808D2C47AD8F00F0D2CD /* TimerView.swift */; };
		AA1CEF592C4E5A2B006E6DE4 /* WorkoutListView.swift in Sources */ = {isa = PBXBuildFile; fileRef = AA1CEF582C4E5A2B006E6DE4 /* WorkoutListView.swift */; };
		AA1CEF5B2C4E5B18006E6DE4 /* WorkoutList.swift in Sources */ = {isa = PBXBuildFile; fileRef = AA1CEF5A2C4E5B18006E6DE4 /* WorkoutList.swift */; };
		AA1CEF602C4E6068006E6DE4 /* NavigationBar.swift in Sources */ = {isa = PBXBuildFile; fileRef = AA1CEF5F2C4E6068006E6DE4 /* NavigationBar.swift */; };
		AA1CEF622C4E6776006E6DE4 /* WorkoutListLocked.swift in Sources */ = {isa = PBXBuildFile; fileRef = AA1CEF612C4E6776006E6DE4 /* WorkoutListLocked.swift */; };
		AA1CEF642C4E6C1C006E6DE4 /* PreWorkoutView.swift in Sources */ = {isa = PBXBuildFile; fileRef = AA1CEF632C4E6C1C006E6DE4 /* PreWorkoutView.swift */; };
		AAFD67E72C47DFB5003FB64E /* CameraView.swift in Sources */ = {isa = PBXBuildFile; fileRef = AAFD67E42C47DFB5003FB64E /* CameraView.swift */; };
		AAFD67E92C47DFB5003FB64E /* CameraViewController.swift in Sources */ = {isa = PBXBuildFile; fileRef = AAFD67E62C47DFB5003FB64E /* CameraViewController.swift */; };
		AAFD67EF2C47E002003FB64E /* ContentView.swift in Sources */ = {isa = PBXBuildFile; fileRef = AAFD67EE2C47E002003FB64E /* ContentView.swift */; };
		AAFD67F72C48EFC3003FB64E /* Predictor.swift in Sources */ = {isa = PBXBuildFile; fileRef = AAFD67F62C48EFC3003FB64E /* Predictor.swift */; };
/* End PBXBuildFile section */

/* Begin PBXFileReference section */
		048D50AE2C43BE9A00A60AC0 /* MC3-FitMotion.app */ = {isa = PBXFileReference; explicitFileType = wrapper.application; includeInIndex = 0; path = "MC3-FitMotion.app"; sourceTree = BUILT_PRODUCTS_DIR; };
		048D50B12C43BE9A00A60AC0 /* MC3_FitMotionApp.swift */ = {isa = PBXFileReference; lastKnownFileType = sourcecode.swift; path = MC3_FitMotionApp.swift; sourceTree = "<group>"; };
		048D50B52C43BE9C00A60AC0 /* Assets.xcassets */ = {isa = PBXFileReference; lastKnownFileType = folder.assetcatalog; path = Assets.xcassets; sourceTree = "<group>"; };
		048D50B82C43BE9C00A60AC0 /* Preview Assets.xcassets */ = {isa = PBXFileReference; lastKnownFileType = folder.assetcatalog; path = "Preview Assets.xcassets"; sourceTree = "<group>"; };
		04A226E92C4903CD007CB9E8 /* DonePage.swift */ = {isa = PBXFileReference; lastKnownFileType = sourcecode.swift; path = DonePage.swift; sourceTree = "<group>"; };
		04A226EB2C4903EA007CB9E8 /* PulseIndicator.swift */ = {isa = PBXFileReference; lastKnownFileType = sourcecode.swift; path = PulseIndicator.swift; sourceTree = "<group>"; };
		04A226ED2C49040E007CB9E8 /* SetRepCounterOvl.swift */ = {isa = PBXFileReference; lastKnownFileType = sourcecode.swift; path = SetRepCounterOvl.swift; sourceTree = "<group>"; };
		04A226EF2C490421007CB9E8 /* PopUp.swift */ = {isa = PBXFileReference; lastKnownFileType = sourcecode.swift; path = PopUp.swift; sourceTree = "<group>"; };
		286C658E2C4FBA0C0018142C /* BicepCurl.mlmodel */ = {isa = PBXFileReference; lastKnownFileType = file.mlmodel; name = BicepCurl.mlmodel; path = "../../../../../Downloads/Model/Best Model/1000/BicepCurl.mlmodel"; sourceTree = "<group>"; };
		28E3FA7C2C4FAB7500A7B471 /* BicepCurlView.swift */ = {isa = PBXFileReference; lastKnownFileType = sourcecode.swift; path = BicepCurlView.swift; sourceTree = "<group>"; };
		28E3FA7E2C4FACCD00A7B471 /* PredictionViewModel.swift */ = {isa = PBXFileReference; fileEncoding = 4; lastKnownFileType = sourcecode.swift; name = PredictionViewModel.swift; path = "../../../../Action-Classifier-with-SwiftUI-baru 2/Action Classifier SwiftUI/ViewModel/PredictionViewModel.swift"; sourceTree = "<group>"; };
		28E3FA812C4FAD2000A7B471 /* ActionPrediction.swift */ = {isa = PBXFileReference; fileEncoding = 4; lastKnownFileType = sourcecode.swift; name = ActionPrediction.swift; path = "../../../../Action-Classifier-with-SwiftUI-baru 2/Action Classifier SwiftUI/Action Classifier/ActionPrediction.swift"; sourceTree = "<group>"; };
		28E3FA822C4FAD2000A7B471 /* ExerciseClassifier+Label.swift */ = {isa = PBXFileReference; fileEncoding = 4; lastKnownFileType = sourcecode.swift; name = "ExerciseClassifier+Label.swift"; path = "../../../../Action-Classifier-with-SwiftUI-baru 2/Action Classifier SwiftUI/Action Classifier/ExerciseClassifier+Label.swift"; sourceTree = "<group>"; };
		28E3FA832C4FAD2000A7B471 /* ExerciseClassifier+LabelCheck.swift */ = {isa = PBXFileReference; fileEncoding = 4; lastKnownFileType = sourcecode.swift; name = "ExerciseClassifier+LabelCheck.swift"; path = "../../../../Action-Classifier-with-SwiftUI-baru 2/Action Classifier SwiftUI/Action Classifier/ExerciseClassifier+LabelCheck.swift"; sourceTree = "<group>"; };
		28E3FA842C4FAD2000A7B471 /* ExerciseClassifier+FrameRate.swift */ = {isa = PBXFileReference; fileEncoding = 4; lastKnownFileType = sourcecode.swift; name = "ExerciseClassifier+FrameRate.swift"; path = "../../../../Action-Classifier-with-SwiftUI-baru 2/Action Classifier SwiftUI/Action Classifier/ExerciseClassifier+FrameRate.swift"; sourceTree = "<group>"; };
		28E3FA852C4FAD2000A7B471 /* ExerciseClassifier+PredictAction.swift */ = {isa = PBXFileReference; fileEncoding = 4; lastKnownFileType = sourcecode.swift; name = "ExerciseClassifier+PredictAction.swift"; path = "../../../../Action-Classifier-with-SwiftUI-baru 2/Action Classifier SwiftUI/Action Classifier/ExerciseClassifier+PredictAction.swift"; sourceTree = "<group>"; };
		28E3FA862C4FAD2000A7B471 /* ExerciseClassifier+Singleton.swift */ = {isa = PBXFileReference; fileEncoding = 4; lastKnownFileType = sourcecode.swift; name = "ExerciseClassifier+Singleton.swift"; path = "../../../../Action-Classifier-with-SwiftUI-baru 2/Action Classifier SwiftUI/Action Classifier/ExerciseClassifier+Singleton.swift"; sourceTree = "<group>"; };
		28E3FA8E2C4FAD7B00A7B471 /* AVCaptureVideoDataOutput+PixelFormat.swift */ = {isa = PBXFileReference; fileEncoding = 4; lastKnownFileType = sourcecode.swift; name = "AVCaptureVideoDataOutput+PixelFormat.swift"; path = "../../../../Action-Classifier-with-SwiftUI-baru 2/Action Classifier SwiftUI/Video Capture/AVCaptureVideoDataOutput+PixelFormat.swift"; sourceTree = "<group>"; };
		28E3FA8F2C4FAD7B00A7B471 /* AVCaptureDeviceInput+Camera.swift */ = {isa = PBXFileReference; fileEncoding = 4; lastKnownFileType = sourcecode.swift; name = "AVCaptureDeviceInput+Camera.swift"; path = "../../../../Action-Classifier-with-SwiftUI-baru 2/Action Classifier SwiftUI/Video Capture/AVCaptureDeviceInput+Camera.swift"; sourceTree = "<group>"; };
		28E3FA902C4FAD7B00A7B471 /* AVCaptureDevice+FrameRate.swift */ = {isa = PBXFileReference; fileEncoding = 4; lastKnownFileType = sourcecode.swift; name = "AVCaptureDevice+FrameRate.swift"; path = "../../../../Action-Classifier-with-SwiftUI-baru 2/Action Classifier SwiftUI/Video Capture/AVCaptureDevice+FrameRate.swift"; sourceTree = "<group>"; };
		28E3FA912C4FAD7C00A7B471 /* VideoCapture.swift */ = {isa = PBXFileReference; fileEncoding = 4; lastKnownFileType = sourcecode.swift; name = VideoCapture.swift; path = "../../../../Action-Classifier-with-SwiftUI-baru 2/Action Classifier SwiftUI/Video Capture/VideoCapture.swift"; sourceTree = "<group>"; };
		28E3FA972C4FADA400A7B471 /* VideoProcessingChain.swift */ = {isa = PBXFileReference; fileEncoding = 4; lastKnownFileType = sourcecode.swift; name = VideoProcessingChain.swift; path = "../../../../Action-Classifier-with-SwiftUI-baru 2/Action Classifier SwiftUI/Video Processing Chain/VideoProcessingChain.swift"; sourceTree = "<group>"; };
		28E3FA9A2C4FB01C00A7B471 /* Pose.swift */ = {isa = PBXFileReference; fileEncoding = 4; lastKnownFileType = sourcecode.swift; name = Pose.swift; path = "../../../../Action-Classifier-with-SwiftUI-baru 2/Action Classifier SwiftUI/Pose/Pose.swift"; sourceTree = "<group>"; };
		28E3FA9B2C4FB01C00A7B471 /* Pose+Empty.swift */ = {isa = PBXFileReference; fileEncoding = 4; lastKnownFileType = sourcecode.swift; name = "Pose+Empty.swift"; path = "../../../../Action-Classifier-with-SwiftUI-baru 2/Action Classifier SwiftUI/Pose/Pose+Empty.swift"; sourceTree = "<group>"; };
		28E3FA9C2C4FB01C00A7B471 /* Pose+Connection.swift */ = {isa = PBXFileReference; fileEncoding = 4; lastKnownFileType = sourcecode.swift; name = "Pose+Connection.swift"; path = "../../../../Action-Classifier-with-SwiftUI-baru 2/Action Classifier SwiftUI/Pose/Pose+Connection.swift"; sourceTree = "<group>"; };
		28E3FA9D2C4FB01C00A7B471 /* Pose+Landmark.swift */ = {isa = PBXFileReference; fileEncoding = 4; lastKnownFileType = sourcecode.swift; name = "Pose+Landmark.swift"; path = "../../../../Action-Classifier-with-SwiftUI-baru 2/Action Classifier SwiftUI/Pose/Pose+Landmark.swift"; sourceTree = "<group>"; };
		28E3FAA22C4FB50B00A7B471 /* CameraViewModel.swift */ = {isa = PBXFileReference; lastKnownFileType = sourcecode.swift; path = CameraViewModel.swift; sourceTree = "<group>"; };
		9035808D2C47AD8F00F0D2CD /* TimerView.swift */ = {isa = PBXFileReference; lastKnownFileType = sourcecode.swift; path = TimerView.swift; sourceTree = "<group>"; };
		AA1CEF582C4E5A2B006E6DE4 /* WorkoutListView.swift */ = {isa = PBXFileReference; lastKnownFileType = sourcecode.swift; path = WorkoutListView.swift; sourceTree = "<group>"; };
		AA1CEF5A2C4E5B18006E6DE4 /* WorkoutList.swift */ = {isa = PBXFileReference; lastKnownFileType = sourcecode.swift; path = WorkoutList.swift; sourceTree = "<group>"; };
		AA1CEF5F2C4E6068006E6DE4 /* NavigationBar.swift */ = {isa = PBXFileReference; lastKnownFileType = sourcecode.swift; path = NavigationBar.swift; sourceTree = "<group>"; };
		AA1CEF612C4E6776006E6DE4 /* WorkoutListLocked.swift */ = {isa = PBXFileReference; lastKnownFileType = sourcecode.swift; path = WorkoutListLocked.swift; sourceTree = "<group>"; };
		AA1CEF632C4E6C1C006E6DE4 /* PreWorkoutView.swift */ = {isa = PBXFileReference; lastKnownFileType = sourcecode.swift; path = PreWorkoutView.swift; sourceTree = "<group>"; };
		AAFD67E42C47DFB5003FB64E /* CameraView.swift */ = {isa = PBXFileReference; fileEncoding = 4; lastKnownFileType = sourcecode.swift; path = CameraView.swift; sourceTree = "<group>"; };
		AAFD67E62C47DFB5003FB64E /* CameraViewController.swift */ = {isa = PBXFileReference; fileEncoding = 4; lastKnownFileType = sourcecode.swift; path = CameraViewController.swift; sourceTree = "<group>"; };
		AAFD67EE2C47E002003FB64E /* ContentView.swift */ = {isa = PBXFileReference; fileEncoding = 4; lastKnownFileType = sourcecode.swift; path = ContentView.swift; sourceTree = "<group>"; };
		AAFD67F62C48EFC3003FB64E /* Predictor.swift */ = {isa = PBXFileReference; lastKnownFileType = sourcecode.swift; path = Predictor.swift; sourceTree = "<group>"; };
/* End PBXFileReference section */

/* Begin PBXFrameworksBuildPhase section */
		048D50AB2C43BE9A00A60AC0 /* Frameworks */ = {
			isa = PBXFrameworksBuildPhase;
			buildActionMask = 2147483647;
			files = (
			);
			runOnlyForDeploymentPostprocessing = 0;
		};
/* End PBXFrameworksBuildPhase section */

/* Begin PBXGroup section */
		048D50A52C43BE9A00A60AC0 = {
			isa = PBXGroup;
			children = (
				048D50B02C43BE9A00A60AC0 /* MC3-FitMotion */,
				048D50AF2C43BE9A00A60AC0 /* Products */,
			);
			sourceTree = "<group>";
		};
		048D50AF2C43BE9A00A60AC0 /* Products */ = {
			isa = PBXGroup;
			children = (
				048D50AE2C43BE9A00A60AC0 /* MC3-FitMotion.app */,
			);
			name = Products;
			sourceTree = "<group>";
		};
		048D50B02C43BE9A00A60AC0 /* MC3-FitMotion */ = {
			isa = PBXGroup;
			children = (
				28E3FA992C4FB00900A7B471 /* Pose */,
				28E3FA962C4FAD8700A7B471 /* Video Processing Chain */,
				28E3FA8D2C4FAD5F00A7B471 /* Video Capture */,
				28E3FA802C4FAD0400A7B471 /* Action Classifier */,
				048D50B12C43BE9A00A60AC0 /* MC3_FitMotionApp.swift */,
				048D50B52C43BE9C00A60AC0 /* Assets.xcassets */,
				AAFD67EB2C47DFC6003FB64E /* View */,
				AAFD67EC2C47DFCE003FB64E /* View Model */,
				AAFD67EA2C47DFB9003FB64E /* Model */,
				048D50B72C43BE9C00A60AC0 /* Preview Content */,
			);
			path = "MC3-FitMotion";
			sourceTree = "<group>";
		};
		048D50B72C43BE9C00A60AC0 /* Preview Content */ = {
			isa = PBXGroup;
			children = (
				048D50B82C43BE9C00A60AC0 /* Preview Assets.xcassets */,
			);
			path = "Preview Content";
			sourceTree = "<group>";
		};
		28E3FA802C4FAD0400A7B471 /* Action Classifier */ = {
			isa = PBXGroup;
			children = (
				28E3FA812C4FAD2000A7B471 /* ActionPrediction.swift */,
				28E3FA842C4FAD2000A7B471 /* ExerciseClassifier+FrameRate.swift */,
				28E3FA822C4FAD2000A7B471 /* ExerciseClassifier+Label.swift */,
				28E3FA832C4FAD2000A7B471 /* ExerciseClassifier+LabelCheck.swift */,
				28E3FA852C4FAD2000A7B471 /* ExerciseClassifier+PredictAction.swift */,
				28E3FA862C4FAD2000A7B471 /* ExerciseClassifier+Singleton.swift */,
			);
			path = "Action Classifier";
			sourceTree = "<group>";
		};
		28E3FA8D2C4FAD5F00A7B471 /* Video Capture */ = {
			isa = PBXGroup;
			children = (
				28E3FA902C4FAD7B00A7B471 /* AVCaptureDevice+FrameRate.swift */,
				28E3FA8F2C4FAD7B00A7B471 /* AVCaptureDeviceInput+Camera.swift */,
				28E3FA8E2C4FAD7B00A7B471 /* AVCaptureVideoDataOutput+PixelFormat.swift */,
				28E3FA912C4FAD7C00A7B471 /* VideoCapture.swift */,
			);
			path = "Video Capture";
			sourceTree = "<group>";
		};
		28E3FA962C4FAD8700A7B471 /* Video Processing Chain */ = {
			isa = PBXGroup;
			children = (
				28E3FA972C4FADA400A7B471 /* VideoProcessingChain.swift */,
			);
			path = "Video Processing Chain";
			sourceTree = "<group>";
		};
		28E3FA992C4FB00900A7B471 /* Pose */ = {
			isa = PBXGroup;
			children = (
				28E3FA9A2C4FB01C00A7B471 /* Pose.swift */,
				28E3FA9C2C4FB01C00A7B471 /* Pose+Connection.swift */,
				28E3FA9B2C4FB01C00A7B471 /* Pose+Empty.swift */,
				28E3FA9D2C4FB01C00A7B471 /* Pose+Landmark.swift */,
			);
			path = Pose;
			sourceTree = "<group>";
		};
		AA1CEF5C2C4E5B1E006E6DE4 /* Component */ = {
			isa = PBXGroup;
			children = (
				AA1CEF5F2C4E6068006E6DE4 /* NavigationBar.swift */,
				AA1CEF5A2C4E5B18006E6DE4 /* WorkoutList.swift */,
				AA1CEF612C4E6776006E6DE4 /* WorkoutListLocked.swift */,
				28E3FA7C2C4FAB7500A7B471 /* BicepCurlView.swift */,
			);
			path = Component;
			sourceTree = "<group>";
		};
		AAFD67EA2C47DFB9003FB64E /* Model */ = {
			isa = PBXGroup;
			children = (
				286C658E2C4FBA0C0018142C /* BicepCurl.mlmodel */,
				AAFD67F62C48EFC3003FB64E /* Predictor.swift */,
			);
			path = Model;
			sourceTree = "<group>";
		};
		AAFD67EB2C47DFC6003FB64E /* View */ = {
			isa = PBXGroup;
			children = (
				AA1CEF5C2C4E5B1E006E6DE4 /* Component */,
				AAFD67EE2C47E002003FB64E /* ContentView.swift */,
				AA1CEF582C4E5A2B006E6DE4 /* WorkoutListView.swift */,
				AA1CEF632C4E6C1C006E6DE4 /* PreWorkoutView.swift */,
				AAFD67E42C47DFB5003FB64E /* CameraView.swift */,
				9035808D2C47AD8F00F0D2CD /* TimerView.swift */,
				04A226E92C4903CD007CB9E8 /* DonePage.swift */,
				04A226EB2C4903EA007CB9E8 /* PulseIndicator.swift */,
				04A226ED2C49040E007CB9E8 /* SetRepCounterOvl.swift */,
				04A226EF2C490421007CB9E8 /* PopUp.swift */,
			);
			name = View;
			path = Model;
			sourceTree = "<group>";
		};
		AAFD67EC2C47DFCE003FB64E /* View Model */ = {
			isa = PBXGroup;
			children = (
				28E3FA7E2C4FACCD00A7B471 /* PredictionViewModel.swift */,
				AAFD67E62C47DFB5003FB64E /* CameraViewController.swift */,
				28E3FAA22C4FB50B00A7B471 /* CameraViewModel.swift */,
			);
			name = "View Model";
			path = Model;
			sourceTree = "<group>";
		};
/* End PBXGroup section */

/* Begin PBXNativeTarget section */
		048D50AD2C43BE9A00A60AC0 /* MC3-FitMotion */ = {
			isa = PBXNativeTarget;
			buildConfigurationList = 048D50BC2C43BE9C00A60AC0 /* Build configuration list for PBXNativeTarget "MC3-FitMotion" */;
			buildPhases = (
				048D50AA2C43BE9A00A60AC0 /* Sources */,
				048D50AB2C43BE9A00A60AC0 /* Frameworks */,
				048D50AC2C43BE9A00A60AC0 /* Resources */,
			);
			buildRules = (
			);
			dependencies = (
			);
			name = "MC3-FitMotion";
			productName = "MC3-FitMotion";
			productReference = 048D50AE2C43BE9A00A60AC0 /* MC3-FitMotion.app */;
			productType = "com.apple.product-type.application";
		};
/* End PBXNativeTarget section */

/* Begin PBXProject section */
		048D50A62C43BE9A00A60AC0 /* Project object */ = {
			isa = PBXProject;
			attributes = {
				BuildIndependentTargetsInParallel = 1;
				LastSwiftUpdateCheck = 1520;
				LastUpgradeCheck = 1520;
				TargetAttributes = {
					048D50AD2C43BE9A00A60AC0 = {
						CreatedOnToolsVersion = 15.2;
					};
				};
			};
			buildConfigurationList = 048D50A92C43BE9A00A60AC0 /* Build configuration list for PBXProject "MC3-FitMotion" */;
			compatibilityVersion = "Xcode 14.0";
			developmentRegion = en;
			hasScannedForEncodings = 0;
			knownRegions = (
				en,
				Base,
			);
			mainGroup = 048D50A52C43BE9A00A60AC0;
			productRefGroup = 048D50AF2C43BE9A00A60AC0 /* Products */;
			projectDirPath = "";
			projectRoot = "";
			targets = (
				048D50AD2C43BE9A00A60AC0 /* MC3-FitMotion */,
			);
		};
/* End PBXProject section */

/* Begin PBXResourcesBuildPhase section */
		048D50AC2C43BE9A00A60AC0 /* Resources */ = {
			isa = PBXResourcesBuildPhase;
			buildActionMask = 2147483647;
			files = (
				048D50B92C43BE9C00A60AC0 /* Preview Assets.xcassets in Resources */,
				048D50B62C43BE9C00A60AC0 /* Assets.xcassets in Resources */,
			);
			runOnlyForDeploymentPostprocessing = 0;
		};
/* End PBXResourcesBuildPhase section */

/* Begin PBXSourcesBuildPhase section */
		048D50AA2C43BE9A00A60AC0 /* Sources */ = {
			isa = PBXSourcesBuildPhase;
			buildActionMask = 2147483647;
			files = (
				04A226EA2C4903CD007CB9E8 /* DonePage.swift in Sources */,
				AA1CEF642C4E6C1C006E6DE4 /* PreWorkoutView.swift in Sources */,
				9035808E2C47AD8F00F0D2CD /* TimerView.swift in Sources */,
				048D50B22C43BE9A00A60AC0 /* MC3_FitMotionApp.swift in Sources */,
				28E3FA952C4FAD7C00A7B471 /* VideoCapture.swift in Sources */,
				28E3FA872C4FAD2000A7B471 /* ActionPrediction.swift in Sources */,
				AAFD67EF2C47E002003FB64E /* ContentView.swift in Sources */,
				28E3FA942C4FAD7C00A7B471 /* AVCaptureDevice+FrameRate.swift in Sources */,
				AA1CEF602C4E6068006E6DE4 /* NavigationBar.swift in Sources */,
				28E3FAA02C4FB01C00A7B471 /* Pose+Connection.swift in Sources */,
				28E3FA8A2C4FAD2000A7B471 /* ExerciseClassifier+FrameRate.swift in Sources */,
				28E3FA892C4FAD2000A7B471 /* ExerciseClassifier+LabelCheck.swift in Sources */,
				AAFD67E72C47DFB5003FB64E /* CameraView.swift in Sources */,
				AAFD67E92C47DFB5003FB64E /* CameraViewController.swift in Sources */,
				28E3FAA32C4FB50B00A7B471 /* CameraViewModel.swift in Sources */,
				28E3FA9E2C4FB01C00A7B471 /* Pose.swift in Sources */,
				04A226EC2C4903EA007CB9E8 /* PulseIndicator.swift in Sources */,
				04A226EE2C49040E007CB9E8 /* SetRepCounterOvl.swift in Sources */,
				28E3FA7D2C4FAB7500A7B471 /* BicepCurlView.swift in Sources */,
				AA1CEF5B2C4E5B18006E6DE4 /* WorkoutList.swift in Sources */,
				AA1CEF622C4E6776006E6DE4 /* WorkoutListLocked.swift in Sources */,
				28E3FA7F2C4FACCD00A7B471 /* PredictionViewModel.swift in Sources */,
				28E3FA8B2C4FAD2000A7B471 /* ExerciseClassifier+PredictAction.swift in Sources */,
				28E3FA932C4FAD7C00A7B471 /* AVCaptureDeviceInput+Camera.swift in Sources */,
				AA1CEF592C4E5A2B006E6DE4 /* WorkoutListView.swift in Sources */,
				AAFD67F72C48EFC3003FB64E /* Predictor.swift in Sources */,
				04A226F02C490421007CB9E8 /* PopUp.swift in Sources */,
				28E3FA922C4FAD7C00A7B471 /* AVCaptureVideoDataOutput+PixelFormat.swift in Sources */,
				286C658F2C4FBA0C0018142C /* BicepCurl.mlmodel in Sources */,
				28E3FA9F2C4FB01C00A7B471 /* Pose+Empty.swift in Sources */,
				28E3FAA12C4FB01C00A7B471 /* Pose+Landmark.swift in Sources */,
				28E3FA8C2C4FAD2000A7B471 /* ExerciseClassifier+Singleton.swift in Sources */,
				28E3FA982C4FADA400A7B471 /* VideoProcessingChain.swift in Sources */,
				28E3FA882C4FAD2000A7B471 /* ExerciseClassifier+Label.swift in Sources */,
			);
			runOnlyForDeploymentPostprocessing = 0;
		};
/* End PBXSourcesBuildPhase section */

/* Begin XCBuildConfiguration section */
		048D50BA2C43BE9C00A60AC0 /* Debug */ = {
			isa = XCBuildConfiguration;
			buildSettings = {
				ALWAYS_SEARCH_USER_PATHS = NO;
				ASSETCATALOG_COMPILER_GENERATE_SWIFT_ASSET_SYMBOL_EXTENSIONS = YES;
				CLANG_ANALYZER_NONNULL = YES;
				CLANG_ANALYZER_NUMBER_OBJECT_CONVERSION = YES_AGGRESSIVE;
				CLANG_CXX_LANGUAGE_STANDARD = "gnu++20";
				CLANG_ENABLE_MODULES = YES;
				CLANG_ENABLE_OBJC_ARC = YES;
				CLANG_ENABLE_OBJC_WEAK = YES;
				CLANG_WARN_BLOCK_CAPTURE_AUTORELEASING = YES;
				CLANG_WARN_BOOL_CONVERSION = YES;
				CLANG_WARN_COMMA = YES;
				CLANG_WARN_CONSTANT_CONVERSION = YES;
				CLANG_WARN_DEPRECATED_OBJC_IMPLEMENTATIONS = YES;
				CLANG_WARN_DIRECT_OBJC_ISA_USAGE = YES_ERROR;
				CLANG_WARN_DOCUMENTATION_COMMENTS = YES;
				CLANG_WARN_EMPTY_BODY = YES;
				CLANG_WARN_ENUM_CONVERSION = YES;
				CLANG_WARN_INFINITE_RECURSION = YES;
				CLANG_WARN_INT_CONVERSION = YES;
				CLANG_WARN_NON_LITERAL_NULL_CONVERSION = YES;
				CLANG_WARN_OBJC_IMPLICIT_RETAIN_SELF = YES;
				CLANG_WARN_OBJC_LITERAL_CONVERSION = YES;
				CLANG_WARN_OBJC_ROOT_CLASS = YES_ERROR;
				CLANG_WARN_QUOTED_INCLUDE_IN_FRAMEWORK_HEADER = YES;
				CLANG_WARN_RANGE_LOOP_ANALYSIS = YES;
				CLANG_WARN_STRICT_PROTOTYPES = YES;
				CLANG_WARN_SUSPICIOUS_MOVE = YES;
				CLANG_WARN_UNGUARDED_AVAILABILITY = YES_AGGRESSIVE;
				CLANG_WARN_UNREACHABLE_CODE = YES;
				CLANG_WARN__DUPLICATE_METHOD_MATCH = YES;
				COPY_PHASE_STRIP = NO;
				DEBUG_INFORMATION_FORMAT = dwarf;
				ENABLE_STRICT_OBJC_MSGSEND = YES;
				ENABLE_TESTABILITY = YES;
				ENABLE_USER_SCRIPT_SANDBOXING = YES;
				GCC_C_LANGUAGE_STANDARD = gnu17;
				GCC_DYNAMIC_NO_PIC = NO;
				GCC_NO_COMMON_BLOCKS = YES;
				GCC_OPTIMIZATION_LEVEL = 0;
				GCC_PREPROCESSOR_DEFINITIONS = (
					"DEBUG=1",
					"$(inherited)",
				);
				GCC_WARN_64_TO_32_BIT_CONVERSION = YES;
				GCC_WARN_ABOUT_RETURN_TYPE = YES_ERROR;
				GCC_WARN_UNDECLARED_SELECTOR = YES;
				GCC_WARN_UNINITIALIZED_AUTOS = YES_AGGRESSIVE;
				GCC_WARN_UNUSED_FUNCTION = YES;
				GCC_WARN_UNUSED_VARIABLE = YES;
				IPHONEOS_DEPLOYMENT_TARGET = 17.2;
				LOCALIZATION_PREFERS_STRING_CATALOGS = YES;
				MTL_ENABLE_DEBUG_INFO = INCLUDE_SOURCE;
				MTL_FAST_MATH = YES;
				ONLY_ACTIVE_ARCH = YES;
				SDKROOT = iphoneos;
				SWIFT_ACTIVE_COMPILATION_CONDITIONS = "DEBUG $(inherited)";
				SWIFT_OPTIMIZATION_LEVEL = "-Onone";
			};
			name = Debug;
		};
		048D50BB2C43BE9C00A60AC0 /* Release */ = {
			isa = XCBuildConfiguration;
			buildSettings = {
				ALWAYS_SEARCH_USER_PATHS = NO;
				ASSETCATALOG_COMPILER_GENERATE_SWIFT_ASSET_SYMBOL_EXTENSIONS = YES;
				CLANG_ANALYZER_NONNULL = YES;
				CLANG_ANALYZER_NUMBER_OBJECT_CONVERSION = YES_AGGRESSIVE;
				CLANG_CXX_LANGUAGE_STANDARD = "gnu++20";
				CLANG_ENABLE_MODULES = YES;
				CLANG_ENABLE_OBJC_ARC = YES;
				CLANG_ENABLE_OBJC_WEAK = YES;
				CLANG_WARN_BLOCK_CAPTURE_AUTORELEASING = YES;
				CLANG_WARN_BOOL_CONVERSION = YES;
				CLANG_WARN_COMMA = YES;
				CLANG_WARN_CONSTANT_CONVERSION = YES;
				CLANG_WARN_DEPRECATED_OBJC_IMPLEMENTATIONS = YES;
				CLANG_WARN_DIRECT_OBJC_ISA_USAGE = YES_ERROR;
				CLANG_WARN_DOCUMENTATION_COMMENTS = YES;
				CLANG_WARN_EMPTY_BODY = YES;
				CLANG_WARN_ENUM_CONVERSION = YES;
				CLANG_WARN_INFINITE_RECURSION = YES;
				CLANG_WARN_INT_CONVERSION = YES;
				CLANG_WARN_NON_LITERAL_NULL_CONVERSION = YES;
				CLANG_WARN_OBJC_IMPLICIT_RETAIN_SELF = YES;
				CLANG_WARN_OBJC_LITERAL_CONVERSION = YES;
				CLANG_WARN_OBJC_ROOT_CLASS = YES_ERROR;
				CLANG_WARN_QUOTED_INCLUDE_IN_FRAMEWORK_HEADER = YES;
				CLANG_WARN_RANGE_LOOP_ANALYSIS = YES;
				CLANG_WARN_STRICT_PROTOTYPES = YES;
				CLANG_WARN_SUSPICIOUS_MOVE = YES;
				CLANG_WARN_UNGUARDED_AVAILABILITY = YES_AGGRESSIVE;
				CLANG_WARN_UNREACHABLE_CODE = YES;
				CLANG_WARN__DUPLICATE_METHOD_MATCH = YES;
				COPY_PHASE_STRIP = NO;
				DEBUG_INFORMATION_FORMAT = "dwarf-with-dsym";
				ENABLE_NS_ASSERTIONS = NO;
				ENABLE_STRICT_OBJC_MSGSEND = YES;
				ENABLE_USER_SCRIPT_SANDBOXING = YES;
				GCC_C_LANGUAGE_STANDARD = gnu17;
				GCC_NO_COMMON_BLOCKS = YES;
				GCC_WARN_64_TO_32_BIT_CONVERSION = YES;
				GCC_WARN_ABOUT_RETURN_TYPE = YES_ERROR;
				GCC_WARN_UNDECLARED_SELECTOR = YES;
				GCC_WARN_UNINITIALIZED_AUTOS = YES_AGGRESSIVE;
				GCC_WARN_UNUSED_FUNCTION = YES;
				GCC_WARN_UNUSED_VARIABLE = YES;
				IPHONEOS_DEPLOYMENT_TARGET = 17.2;
				LOCALIZATION_PREFERS_STRING_CATALOGS = YES;
				MTL_ENABLE_DEBUG_INFO = NO;
				MTL_FAST_MATH = YES;
				SDKROOT = iphoneos;
				SWIFT_COMPILATION_MODE = wholemodule;
				VALIDATE_PRODUCT = YES;
			};
			name = Release;
		};
		048D50BD2C43BE9C00A60AC0 /* Debug */ = {
			isa = XCBuildConfiguration;
			buildSettings = {
				ASSETCATALOG_COMPILER_APPICON_NAME = AppIcon;
				ASSETCATALOG_COMPILER_GLOBAL_ACCENT_COLOR_NAME = AccentColor;
				CODE_SIGN_STYLE = Automatic;
				CURRENT_PROJECT_VERSION = 1;
				DEVELOPMENT_ASSET_PATHS = "\"MC3-FitMotion/Preview Content\"";
				DEVELOPMENT_TEAM = 64N8G77AT7;
				ENABLE_PREVIEWS = YES;
				GENERATE_INFOPLIST_FILE = YES;
				INFOPLIST_KEY_NSCameraUsageDescription = "This app needs access to your camera to analyse your movement.";
				INFOPLIST_KEY_UIApplicationSceneManifest_Generation = YES;
				INFOPLIST_KEY_UIApplicationSupportsIndirectInputEvents = YES;
				INFOPLIST_KEY_UILaunchScreen_Generation = YES;
				INFOPLIST_KEY_UISupportedInterfaceOrientations_iPad = "UIInterfaceOrientationPortrait UIInterfaceOrientationPortraitUpsideDown UIInterfaceOrientationLandscapeLeft UIInterfaceOrientationLandscapeRight";
				INFOPLIST_KEY_UISupportedInterfaceOrientations_iPhone = "UIInterfaceOrientationPortrait UIInterfaceOrientationLandscapeLeft UIInterfaceOrientationLandscapeRight";
				IPHONEOS_DEPLOYMENT_TARGET = 17.2;
				LD_RUNPATH_SEARCH_PATHS = (
					"$(inherited)",
					"@executable_path/Frameworks",
				);
				MARKETING_VERSION = 1.0;
				PRODUCT_BUNDLE_IDENTIFIER = com.baghiz.fitmotion;
				PRODUCT_NAME = "$(TARGET_NAME)";
				SWIFT_EMIT_LOC_STRINGS = YES;
				SWIFT_VERSION = 5.0;
				TARGETED_DEVICE_FAMILY = "1,2";
			};
			name = Debug;
		};
		048D50BE2C43BE9C00A60AC0 /* Release */ = {
			isa = XCBuildConfiguration;
			buildSettings = {
				ASSETCATALOG_COMPILER_APPICON_NAME = AppIcon;
				ASSETCATALOG_COMPILER_GLOBAL_ACCENT_COLOR_NAME = AccentColor;
				CODE_SIGN_STYLE = Automatic;
				CURRENT_PROJECT_VERSION = 1;
				DEVELOPMENT_ASSET_PATHS = "\"MC3-FitMotion/Preview Content\"";
				DEVELOPMENT_TEAM = 64N8G77AT7;
				ENABLE_PREVIEWS = YES;
				GENERATE_INFOPLIST_FILE = YES;
				INFOPLIST_KEY_NSCameraUsageDescription = "This app needs access to your camera to analyse your movement.";
				INFOPLIST_KEY_UIApplicationSceneManifest_Generation = YES;
				INFOPLIST_KEY_UIApplicationSupportsIndirectInputEvents = YES;
				INFOPLIST_KEY_UILaunchScreen_Generation = YES;
				INFOPLIST_KEY_UISupportedInterfaceOrientations_iPad = "UIInterfaceOrientationPortrait UIInterfaceOrientationPortraitUpsideDown UIInterfaceOrientationLandscapeLeft UIInterfaceOrientationLandscapeRight";
				INFOPLIST_KEY_UISupportedInterfaceOrientations_iPhone = "UIInterfaceOrientationPortrait UIInterfaceOrientationLandscapeLeft UIInterfaceOrientationLandscapeRight";
				IPHONEOS_DEPLOYMENT_TARGET = 17.2;
				LD_RUNPATH_SEARCH_PATHS = (
					"$(inherited)",
					"@executable_path/Frameworks",
				);
				MARKETING_VERSION = 1.0;
				PRODUCT_BUNDLE_IDENTIFIER = com.baghiz.fitmotion;
				PRODUCT_NAME = "$(TARGET_NAME)";
				SWIFT_EMIT_LOC_STRINGS = YES;
				SWIFT_VERSION = 5.0;
				TARGETED_DEVICE_FAMILY = "1,2";
			};
			name = Release;
		};
/* End XCBuildConfiguration section */

/* Begin XCConfigurationList section */
		048D50A92C43BE9A00A60AC0 /* Build configuration list for PBXProject "MC3-FitMotion" */ = {
			isa = XCConfigurationList;
			buildConfigurations = (
				048D50BA2C43BE9C00A60AC0 /* Debug */,
				048D50BB2C43BE9C00A60AC0 /* Release */,
			);
			defaultConfigurationIsVisible = 0;
			defaultConfigurationName = Release;
		};
		048D50BC2C43BE9C00A60AC0 /* Build configuration list for PBXNativeTarget "MC3-FitMotion" */ = {
			isa = XCConfigurationList;
			buildConfigurations = (
				048D50BD2C43BE9C00A60AC0 /* Debug */,
				048D50BE2C43BE9C00A60AC0 /* Release */,
			);
			defaultConfigurationIsVisible = 0;
			defaultConfigurationName = Release;
		};
/* End XCConfigurationList section */
	};
	rootObject = 048D50A62C43BE9A00A60AC0 /* Project object */;
}
